
Microsoft Visual Studio Solution File, Format Version 12.00
# Visual Studio Version 17
VisualStudioVersion = 17.1.32407.343
MinimumVisualStudioVersion = 10.0.40219.1
Project("{FAE04EC0-301F-11D3-BF4B-00C04F79EFBC}") = "Dadostxt2", "Dadostxt2\Dadostxt2.csproj", "{DD2F5555-0E9C-4722-AC92-EC655D7645F9}"
EndProject
Global
	GlobalSection(SolutionConfigurationPlatforms) = preSolution
		Debug|Any CPU = Debug|Any CPU
		Release|Any CPU = Release|Any CPU
	EndGlobalSection
	GlobalSection(ProjectConfigurationPlatforms) = postSolution
		{DD2F5555-0E9C-4722-AC92-EC655D7645F9}.Debug|Any CPU.ActiveCfg = Debug|Any CPU
		{DD2F5555-0E9C-4722-AC92-EC655D7645F9}.Debug|Any CPU.Build.0 = Debug|Any CPU
		{DD2F5555-0E9C-4722-AC92-EC655D7645F9}.Release|Any CPU.ActiveCfg = Release|Any CPU
		{DD2F5555-0E9C-4722-AC92-EC655D7645F9}.Release|Any CPU.Build.0 = Release|Any CPU
	EndGlobalSection
	GlobalSection(SolutionProperties) = preSolution
		HideSolutionNode = FALSE
	EndGlobalSection
	GlobalSection(ExtensibilityGlobals) = postSolution
		SolutionGuid = {3AD2E6C8-FA44-4BAA-A326-C42901623664}
	EndGlobalSection
EndGlobal
